// !$*UTF8*$!
{
	archiveVersion = 1;
	classes = {
	};
	objectVersion = 46;
	objects = {

/* Begin PBXBuildFile section */
		ECB1770D1B7FE38100C0C07B /* AppDelegate.swift in Sources */ = {isa = PBXBuildFile; fileRef = ECB1770C1B7FE38100C0C07B /* AppDelegate.swift */; };
		ECB1770F1B7FE38100C0C07B /* ViewController.swift in Sources */ = {isa = PBXBuildFile; fileRef = ECB1770E1B7FE38100C0C07B /* ViewController.swift */; };
		ECB177121B7FE38100C0C07B /* Main.storyboard in Resources */ = {isa = PBXBuildFile; fileRef = ECB177101B7FE38100C0C07B /* Main.storyboard */; };
		ECB177141B7FE38100C0C07B /* Assets.xcassets in Resources */ = {isa = PBXBuildFile; fileRef = ECB177131B7FE38100C0C07B /* Assets.xcassets */; };
		ECB177171B7FE38100C0C07B /* LaunchScreen.storyboard in Resources */ = {isa = PBXBuildFile; fileRef = ECB177151B7FE38100C0C07B /* LaunchScreen.storyboard */; };
/* End PBXBuildFile section */

/* Begin PBXFileReference section */
		ECB177091B7FE38100C0C07B /* Shoe Converter.app */ = {isa = PBXFileReference; explicitFileType = wrapper.application; includeInIndex = 0; path = "Shoe Converter.app"; sourceTree = BUILT_PRODUCTS_DIR; };
		ECB1770C1B7FE38100C0C07B /* AppDelegate.swift */ = {isa = PBXFileReference; lastKnownFileType = sourcecode.swift; path = AppDelegate.swift; sourceTree = "<group>"; };
		ECB1770E1B7FE38100C0C07B /* ViewController.swift */ = {isa = PBXFileReference; lastKnownFileType = sourcecode.swift; path = ViewController.swift; sourceTree = "<group>"; };
		ECB177111B7FE38100C0C07B /* Base */ = {isa = PBXFileReference; lastKnownFileType = file.storyboard; name = Base; path = Base.lproj/Main.storyboard; sourceTree = "<group>"; };
		ECB177131B7FE38100C0C07B /* Assets.xcassets */ = {isa = PBXFileReference; lastKnownFileType = folder.assetcatalog; path = Assets.xcassets; sourceTree = "<group>"; };
		ECB177161B7FE38100C0C07B /* Base */ = {isa = PBXFileReference; lastKnownFileType = file.storyboard; name = Base; path = Base.lproj/LaunchScreen.storyboard; sourceTree = "<group>"; };
		ECB177181B7FE38100C0C07B /* Info.plist */ = {isa = PBXFileReference; lastKnownFileType = text.plist.xml; path = Info.plist; sourceTree = "<group>"; };
/* End PBXFileReference section */

/* Begin PBXFrameworksBuildPhase section */
		ECB177061B7FE38100C0C07B /* Frameworks */ = {
			isa = PBXFrameworksBuildPhase;
			buildActionMask = 2147483647;
			files = (
			);
			runOnlyForDeploymentPostprocessing = 0;
		};
/* End PBXFrameworksBuildPhase section */

/* Begin PBXGroup section */
		ECB177001B7FE38100C0C07B = {
			isa = PBXGroup;
			children = (
				ECB1770B1B7FE38100C0C07B /* Shoe Converter */,
				ECB1770A1B7FE38100C0C07B /* Products */,
			);
			sourceTree = "<group>";
		};
		ECB1770A1B7FE38100C0C07B /* Products */ = {
			isa = PBXGroup;
			children = (
				ECB177091B7FE38100C0C07B /* Shoe Converter.app */,
			);
			name = Products;
			sourceTree = "<group>";
		};
		ECB1770B1B7FE38100C0C07B /* Shoe Converter */ = {
			isa = PBXGroup;
			children = (
				ECB1770C1B7FE38100C0C07B /* AppDelegate.swift */,
				ECB1770E1B7FE38100C0C07B /* ViewController.swift */,
				ECB177101B7FE38100C0C07B /* Main.storyboard */,
				ECB177131B7FE38100C0C07B /* Assets.xcassets */,
				ECB177151B7FE38100C0C07B /* LaunchScreen.storyboard */,
				ECB177181B7FE38100C0C07B /* Info.plist */,
			);
			path = "Shoe Converter";
			sourceTree = "<group>";
		};
/* End PBXGroup section */

/* Begin PBXNativeTarget section */
		ECB177081B7FE38100C0C07B /* Shoe Converter */ = {
			isa = PBXNativeTarget;
			buildConfigurationList = ECB1771B1B7FE38100C0C07B /* Build configuration list for PBXNativeTarget "Shoe Converter" */;
			buildPhases = (
				ECB177051B7FE38100C0C07B /* Sources */,
				ECB177061B7FE38100C0C07B /* Frameworks */,
				ECB177071B7FE38100C0C07B /* Resources */,
			);
			buildRules = (
			);
			dependencies = (
			);
			name = "Shoe Converter";
			productName = "Shoe Converter";
			productReference = ECB177091B7FE38100C0C07B /* Shoe Converter.app */;
			productType = "com.apple.product-type.application";
		};
/* End PBXNativeTarget section */

/* Begin PBXProject section */
		ECB177011B7FE38100C0C07B /* Project object */ = {
			isa = PBXProject;
			attributes = {
				LastUpgradeCheck = 0700;
				ORGANIZATIONNAME = "Ismail Orabi";
				TargetAttributes = {
					ECB177081B7FE38100C0C07B = {
						CreatedOnToolsVersion = 7.0;
					};
				};
			};
			buildConfigurationList = ECB177041B7FE38100C0C07B /* Build configuration list for PBXProject "Shoe Converter" */;
			compatibilityVersion = "Xcode 3.2";
			developmentRegion = English;
			hasScannedForEncodings = 0;
			knownRegions = (
				en,
				Base,
			);
			mainGroup = ECB177001B7FE38100C0C07B;
			productRefGroup = ECB1770A1B7FE38100C0C07B /* Products */;
			projectDirPath = "";
			projectRoot = "";
			targets = (
				ECB177081B7FE38100C0C07B /* Shoe Converter */,
			);
		};
/* End PBXProject section */

/* Begin PBXResourcesBuildPhase section */
		ECB177071B7FE38100C0C07B /* Resources */ = {
			isa = PBXResourcesBuildPhase;
			buildActionMask = 2147483647;
			files = (
				ECB177171B7FE38100C0C07B /* LaunchScreen.storyboard in Resources */,
				ECB177141B7FE38100C0C07B /* Assets.xcassets in Resources */,
				ECB177121B7FE38100C0C07B /* Main.storyboard in Resources */,
			);
			runOnlyForDeploymentPostprocessing = 0;
		};
/* End PBXResourcesBuildPhase section */

/* Begin PBXSourcesBuildPhase section */
		ECB177051B7FE38100C0C07B /* Sources */ = {
			isa = PBXSourcesBuildPhase;
			buildActionMask = 2147483647;
			files = (
				ECB1770F1B7FE38100C0C07B /* ViewController.swift in Sources */,
				ECB1770D1B7FE38100C0C07B /* AppDelegate.swift in Sources */,
			);
			runOnlyForDeploymentPostprocessing = 0;
		};
/* End PBXSourcesBuildPhase section */

/* Begin PBXVariantGroup section */
		ECB177101B7FE38100C0C07B /* Main.storyboard */ = {
			isa = PBXVariantGroup;
			children = (
				ECB177111B7FE38100C0C07B /* Base */,
			);
			name = Main.storyboard;
			sourceTree = "<group>";
		};
		ECB177151B7FE38100C0C07B /* LaunchScreen.storyboard */ = {
			isa = PBXVariantGroup;
			children = (
				ECB177161B7FE38100C0C07B /* Base */,
			);
			name = LaunchScreen.storyboard;
			sourceTree = "<group>";
		};
/* End PBXVariantGroup section */

/* Begin XCBuildConfiguration section */
		ECB177191B7FE38100C0C07B /* Debug */ = {
			isa = XCBuildConfiguration;
			buildSettings = {
				ALWAYS_SEARCH_USER_PATHS = NO;
				CLANG_CXX_LANGUAGE_STANDARD = "gnu++0x";
				CLANG_CXX_LIBRARY = "libc++";
				CLANG_ENABLE_MODULES = YES;
				CLANG_ENABLE_OBJC_ARC = YES;
				CLANG_WARN_BOOL_CONVERSION = YES;
				CLANG_WARN_CONSTANT_CONVERSION = YES;
				CLANG_WARN_DIRECT_OBJC_ISA_USAGE = YES_ERROR;
				CLANG_WARN_EMPTY_BODY = YES;
				CLANG_WARN_ENUM_CONVERSION = YES;
				CLANG_WARN_INT_CONVERSION = YES;
				CLANG_WARN_OBJC_ROOT_CLASS = YES_ERROR;
				CLANG_WARN_UNREACHABLE_CODE = YES;
				CLANG_WARN__DUPLICATE_METHOD_MATCH = YES;
				"CODE_SIGN_IDENTITY[sdk=iphoneos*]" = "iPhone Developer";
				COPY_PHASE_STRIP = NO;
				DEBUG_INFORMATION_FORMAT = dwarf;
				ENABLE_STRICT_OBJC_MSGSEND = YES;
				ENABLE_TESTABILITY = YES;
				GCC_C_LANGUAGE_STANDARD = gnu99;
				GCC_DYNAMIC_NO_PIC = NO;
				GCC_NO_COMMON_BLOCKS = YES;
				GCC_OPTIMIZATION_LEVEL = 0;
				GCC_PREPROCESSOR_DEFINITIONS = (
					"DEBUG=1",
					"$(inherited)",
				);
				GCC_WARN_64_TO_32_BIT_CONVERSION = YES;
				GCC_WARN_ABOUT_RETURN_TYPE = YES_ERROR;
				GCC_WARN_UNDECLARED_SELECTOR = YES;
				GCC_WARN_UNINITIALIZED_AUTOS = YES_AGGRESSIVE;
				GCC_WARN_UNUSED_FUNCTION = YES;
				GCC_WARN_UNUSED_VARIABLE = YES;
				IPHONEOS_DEPLOYMENT_TARGET = 9.0;
				MTL_ENABLE_DEBUG_INFO = YES;
				ONLY_ACTIVE_ARCH = YES;
				SDKROOT = iphoneos;
				SWIFT_OPTIMIZATION_LEVEL = "-Onone";
				TARGETED_DEVICE_FAMILY = "1,2";
			};
			name = Debug;
		};
		ECB1771A1B7FE38100C0C07B /* Release */ = {
			isa = XCBuildConfiguration;
			buildSettings = {
				ALWAYS_SEARCH_USER_PATHS = NO;
				CLANG_CXX_LANGUAGE_STANDARD = "gnu++0x";
				CLANG_CXX_LIBRARY = "libc++";
				CLANG_ENABLE_MODULES = YES;
				CLANG_ENABLE_OBJC_ARC = YES;
				CLANG_WARN_BOOL_CONVERSION = YES;
				CLANG_WARN_CONSTANT_CONVERSION = YES;
				CLANG_WARN_DIRECT_OBJC_ISA_USAGE = YES_ERROR;
				CLANG_WARN_EMPTY_BODY = YES;
				CLANG_WARN_ENUM_CONVERSION = YES;
				CLANG_WARN_INT_CONVERSION = YES;
				CLANG_WARN_OBJC_ROOT_CLASS = YES_ERROR;
				CLANG_WARN_UNREACHABLE_CODE = YES;
				CLANG_WARN__DUPLICATE_METHOD_MATCH = YES;
				"CODE_SIGN_IDENTITY[sdk=iphoneos*]" = "iPhone Developer";
				COPY_PHASE_STRIP = NO;
				DEBUG_INFORMATION_FORMAT = "dwarf-with-dsym";
				ENABLE_NS_ASSERTIONS = NO;
				ENABLE_STRICT_OBJC_MSGSEND = YES;
				GCC_C_LANGUAGE_STANDARD = gnu99;
				GCC_NO_COMMON_BLOCKS = YES;
				GCC_WARN_64_TO_32_BIT_CONVERSION = YES;
				GCC_WARN_ABOUT_RETURN_TYPE = YES_ERROR;
				GCC_WARN_UNDECLARED_SELECTOR = YES;
				GCC_WARN_UNINITIALIZED_AUTOS = YES_AGGRESSIVE;
				GCC_WARN_UNUSED_FUNCTION = YES;
				GCC_WARN_UNUSED_VARIABLE = YES;
				IPHONEOS_DEPLOYMENT_TARGET = 9.0;
				MTL_ENABLE_DEBUG_INFO = NO;
				SDKROOT = iphoneos;
				TARGETED_DEVICE_FAMILY = "1,2";
				VALIDATE_PRODUCT = YES;
			};
			name = Release;
		};
		ECB1771C1B7FE38100C0C07B /* Debug */ = {
			isa = XCBuildConfiguration;
			buildSettings = {
				ASSETCATALOG_COMPILER_APPICON_NAME = AppIcon;
				INFOPLIST_FILE = "Shoe Converter/Info.plist";
				LD_RUNPATH_SEARCH_PATHS = "$(inherited) @executable_path/Frameworks";
				PRODUCT_BUNDLE_IDENTIFIER = "ismail.orabi.Shoe-Converter";
				PRODUCT_NAME = "$(TARGET_NAME)";
			};
			name = Debug;
		};
		ECB1771D1B7FE38100C0C07B /* Release */ = {
			isa = XCBuildConfiguration;
			buildSettings = {
				ASSETCATALOG_COMPILER_APPICON_NAME = AppIcon;
				INFOPLIST_FILE = "Shoe Converter/Info.plist";
				LD_RUNPATH_SEARCH_PATHS = "$(inherited) @executable_path/Frameworks";
				PRODUCT_BUNDLE_IDENTIFIER = "ismail.orabi.Shoe-Converter";
				PRODUCT_NAME = "$(TARGET_NAME)";
			};
			name = Release;
		};
/* End XCBuildConfiguration section */

/* Begin XCConfigurationList section */
		ECB177041B7FE38100C0C07B /* Build configuration list for PBXProject "Shoe Converter" */ = {
			isa = XCConfigurationList;
			buildConfigurations = (
				ECB177191B7FE38100C0C07B /* Debug */,
				ECB1771A1B7FE38100C0C07B /* Release */,
			);
			defaultConfigurationIsVisible = 0;
			defaultConfigurationName = Release;
		};
		ECB1771B1B7FE38100C0C07B /* Build configuration list for PBXNativeTarget "Shoe Converter" */ = {
			isa = XCConfigurationList;
			buildConfigurations = (
				ECB1771C1B7FE38100C0C07B /* Debug */,
				ECB1771D1B7FE38100C0C07B /* Release */,
			);
			defaultConfigurationIsVisible = 0;
		};
/* End XCConfigurationList section */
	};
	rootObject = ECB177011B7FE38100C0C07B /* Project object */;
}
