// !$*UTF8*$!
{
	archiveVersion = 1;
	classes = {
	};
	objectVersion = 46;
	objects = {

/* Begin PBXBuildFile section */
		ECA111301B812CB100DF5A66 /* AppDelegate.swift in Sources */ = {isa = PBXBuildFile; fileRef = ECA1112F1B812CB100DF5A66 /* AppDelegate.swift */; };
		ECA111321B812CB100DF5A66 /* ViewController.swift in Sources */ = {isa = PBXBuildFile; fileRef = ECA111311B812CB100DF5A66 /* ViewController.swift */; };
		ECA111351B812CB100DF5A66 /* Main.storyboard in Resources */ = {isa = PBXBuildFile; fileRef = ECA111331B812CB100DF5A66 /* Main.storyboard */; };
		ECA111371B812CB100DF5A66 /* Assets.xcassets in Resources */ = {isa = PBXBuildFile; fileRef = ECA111361B812CB100DF5A66 /* Assets.xcassets */; };
		ECA1113A1B812CB100DF5A66 /* LaunchScreen.storyboard in Resources */ = {isa = PBXBuildFile; fileRef = ECA111381B812CB100DF5A66 /* LaunchScreen.storyboard */; };
/* End PBXBuildFile section */

/* Begin PBXFileReference section */
		ECA1112C1B812CB100DF5A66 /* Movie Database.app */ = {isa = PBXFileReference; explicitFileType = wrapper.application; includeInIndex = 0; path = "Movie Database.app"; sourceTree = BUILT_PRODUCTS_DIR; };
		ECA1112F1B812CB100DF5A66 /* AppDelegate.swift */ = {isa = PBXFileReference; lastKnownFileType = sourcecode.swift; path = AppDelegate.swift; sourceTree = "<group>"; };
		ECA111311B812CB100DF5A66 /* ViewController.swift */ = {isa = PBXFileReference; lastKnownFileType = sourcecode.swift; path = ViewController.swift; sourceTree = "<group>"; };
		ECA111341B812CB100DF5A66 /* Base */ = {isa = PBXFileReference; lastKnownFileType = file.storyboard; name = Base; path = Base.lproj/Main.storyboard; sourceTree = "<group>"; };
		ECA111361B812CB100DF5A66 /* Assets.xcassets */ = {isa = PBXFileReference; lastKnownFileType = folder.assetcatalog; path = Assets.xcassets; sourceTree = "<group>"; };
		ECA111391B812CB100DF5A66 /* Base */ = {isa = PBXFileReference; lastKnownFileType = file.storyboard; name = Base; path = Base.lproj/LaunchScreen.storyboard; sourceTree = "<group>"; };
		ECA1113B1B812CB100DF5A66 /* Info.plist */ = {isa = PBXFileReference; lastKnownFileType = text.plist.xml; path = Info.plist; sourceTree = "<group>"; };
/* End PBXFileReference section */

/* Begin PBXFrameworksBuildPhase section */
		ECA111291B812CB100DF5A66 /* Frameworks */ = {
			isa = PBXFrameworksBuildPhase;
			buildActionMask = 2147483647;
			files = (
			);
			runOnlyForDeploymentPostprocessing = 0;
		};
/* End PBXFrameworksBuildPhase section */

/* Begin PBXGroup section */
		ECA111231B812CB100DF5A66 = {
			isa = PBXGroup;
			children = (
				ECA1112E1B812CB100DF5A66 /* Movie Database */,
				ECA1112D1B812CB100DF5A66 /* Products */,
			);
			sourceTree = "<group>";
		};
		ECA1112D1B812CB100DF5A66 /* Products */ = {
			isa = PBXGroup;
			children = (
				ECA1112C1B812CB100DF5A66 /* Movie Database.app */,
			);
			name = Products;
			sourceTree = "<group>";
		};
		ECA1112E1B812CB100DF5A66 /* Movie Database */ = {
			isa = PBXGroup;
			children = (
				ECA1112F1B812CB100DF5A66 /* AppDelegate.swift */,
				ECA111311B812CB100DF5A66 /* ViewController.swift */,
				ECA111331B812CB100DF5A66 /* Main.storyboard */,
				ECA111361B812CB100DF5A66 /* Assets.xcassets */,
				ECA111381B812CB100DF5A66 /* LaunchScreen.storyboard */,
				ECA1113B1B812CB100DF5A66 /* Info.plist */,
			);
			path = "Movie Database";
			sourceTree = "<group>";
		};
/* End PBXGroup section */

/* Begin PBXNativeTarget section */
		ECA1112B1B812CB100DF5A66 /* Movie Database */ = {
			isa = PBXNativeTarget;
			buildConfigurationList = ECA1113E1B812CB100DF5A66 /* Build configuration list for PBXNativeTarget "Movie Database" */;
			buildPhases = (
				ECA111281B812CB100DF5A66 /* Sources */,
				ECA111291B812CB100DF5A66 /* Frameworks */,
				ECA1112A1B812CB100DF5A66 /* Resources */,
			);
			buildRules = (
			);
			dependencies = (
			);
			name = "Movie Database";
			productName = "Movie Database";
			productReference = ECA1112C1B812CB100DF5A66 /* Movie Database.app */;
			productType = "com.apple.product-type.application";
		};
/* End PBXNativeTarget section */

/* Begin PBXProject section */
		ECA111241B812CB100DF5A66 /* Project object */ = {
			isa = PBXProject;
			attributes = {
				LastUpgradeCheck = 0700;
				ORGANIZATIONNAME = "Ismail Orabi";
				TargetAttributes = {
					ECA1112B1B812CB100DF5A66 = {
						CreatedOnToolsVersion = 7.0;
					};
				};
			};
			buildConfigurationList = ECA111271B812CB100DF5A66 /* Build configuration list for PBXProject "Movie Database" */;
			compatibilityVersion = "Xcode 3.2";
			developmentRegion = English;
			hasScannedForEncodings = 0;
			knownRegions = (
				en,
				Base,
			);
			mainGroup = ECA111231B812CB100DF5A66;
			productRefGroup = ECA1112D1B812CB100DF5A66 /* Products */;
			projectDirPath = "";
			projectRoot = "";
			targets = (
				ECA1112B1B812CB100DF5A66 /* Movie Database */,
			);
		};
/* End PBXProject section */

/* Begin PBXResourcesBuildPhase section */
		ECA1112A1B812CB100DF5A66 /* Resources */ = {
			isa = PBXResourcesBuildPhase;
			buildActionMask = 2147483647;
			files = (
				ECA1113A1B812CB100DF5A66 /* LaunchScreen.storyboard in Resources */,
				ECA111371B812CB100DF5A66 /* Assets.xcassets in Resources */,
				ECA111351B812CB100DF5A66 /* Main.storyboard in Resources */,
			);
			runOnlyForDeploymentPostprocessing = 0;
		};
/* End PBXResourcesBuildPhase section */

/* Begin PBXSourcesBuildPhase section */
		ECA111281B812CB100DF5A66 /* Sources */ = {
			isa = PBXSourcesBuildPhase;
			buildActionMask = 2147483647;
			files = (
				ECA111321B812CB100DF5A66 /* ViewController.swift in Sources */,
				ECA111301B812CB100DF5A66 /* AppDelegate.swift in Sources */,
			);
			runOnlyForDeploymentPostprocessing = 0;
		};
/* End PBXSourcesBuildPhase section */

/* Begin PBXVariantGroup section */
		ECA111331B812CB100DF5A66 /* Main.storyboard */ = {
			isa = PBXVariantGroup;
			children = (
				ECA111341B812CB100DF5A66 /* Base */,
			);
			name = Main.storyboard;
			sourceTree = "<group>";
		};
		ECA111381B812CB100DF5A66 /* LaunchScreen.storyboard */ = {
			isa = PBXVariantGroup;
			children = (
				ECA111391B812CB100DF5A66 /* Base */,
			);
			name = LaunchScreen.storyboard;
			sourceTree = "<group>";
		};
/* End PBXVariantGroup section */

/* Begin XCBuildConfiguration section */
		ECA1113C1B812CB100DF5A66 /* Debug */ = {
			isa = XCBuildConfiguration;
			buildSettings = {
				ALWAYS_SEARCH_USER_PATHS = NO;
				CLANG_CXX_LANGUAGE_STANDARD = "gnu++0x";
				CLANG_CXX_LIBRARY = "libc++";
				CLANG_ENABLE_MODULES = YES;
				CLANG_ENABLE_OBJC_ARC = YES;
				CLANG_WARN_BOOL_CONVERSION = YES;
				CLANG_WARN_CONSTANT_CONVERSION = YES;
				CLANG_WARN_DIRECT_OBJC_ISA_USAGE = YES_ERROR;
				CLANG_WARN_EMPTY_BODY = YES;
				CLANG_WARN_ENUM_CONVERSION = YES;
				CLANG_WARN_INT_CONVERSION = YES;
				CLANG_WARN_OBJC_ROOT_CLASS = YES_ERROR;
				CLANG_WARN_UNREACHABLE_CODE = YES;
				CLANG_WARN__DUPLICATE_METHOD_MATCH = YES;
				"CODE_SIGN_IDENTITY[sdk=iphoneos*]" = "iPhone Developer";
				COPY_PHASE_STRIP = NO;
				DEBUG_INFORMATION_FORMAT = dwarf;
				ENABLE_STRICT_OBJC_MSGSEND = YES;
				ENABLE_TESTABILITY = YES;
				GCC_C_LANGUAGE_STANDARD = gnu99;
				GCC_DYNAMIC_NO_PIC = NO;
				GCC_NO_COMMON_BLOCKS = YES;
				GCC_OPTIMIZATION_LEVEL = 0;
				GCC_PREPROCESSOR_DEFINITIONS = (
					"DEBUG=1",
					"$(inherited)",
				);
				GCC_WARN_64_TO_32_BIT_CONVERSION = YES;
				GCC_WARN_ABOUT_RETURN_TYPE = YES_ERROR;
				GCC_WARN_UNDECLARED_SELECTOR = YES;
				GCC_WARN_UNINITIALIZED_AUTOS = YES_AGGRESSIVE;
				GCC_WARN_UNUSED_FUNCTION = YES;
				GCC_WARN_UNUSED_VARIABLE = YES;
				IPHONEOS_DEPLOYMENT_TARGET = 9.0;
				MTL_ENABLE_DEBUG_INFO = YES;
				ONLY_ACTIVE_ARCH = YES;
				SDKROOT = iphoneos;
				SWIFT_OPTIMIZATION_LEVEL = "-Onone";
				TARGETED_DEVICE_FAMILY = "1,2";
			};
			name = Debug;
		};
		ECA1113D1B812CB100DF5A66 /* Release */ = {
			isa = XCBuildConfiguration;
			buildSettings = {
				ALWAYS_SEARCH_USER_PATHS = NO;
				CLANG_CXX_LANGUAGE_STANDARD = "gnu++0x";
				CLANG_CXX_LIBRARY = "libc++";
				CLANG_ENABLE_MODULES = YES;
				CLANG_ENABLE_OBJC_ARC = YES;
				CLANG_WARN_BOOL_CONVERSION = YES;
				CLANG_WARN_CONSTANT_CONVERSION = YES;
				CLANG_WARN_DIRECT_OBJC_ISA_USAGE = YES_ERROR;
				CLANG_WARN_EMPTY_BODY = YES;
				CLANG_WARN_ENUM_CONVERSION = YES;
				CLANG_WARN_INT_CONVERSION = YES;
				CLANG_WARN_OBJC_ROOT_CLASS = YES_ERROR;
				CLANG_WARN_UNREACHABLE_CODE = YES;
				CLANG_WARN__DUPLICATE_METHOD_MATCH = YES;
				"CODE_SIGN_IDENTITY[sdk=iphoneos*]" = "iPhone Developer";
				COPY_PHASE_STRIP = NO;
				DEBUG_INFORMATION_FORMAT = "dwarf-with-dsym";
				ENABLE_NS_ASSERTIONS = NO;
				ENABLE_STRICT_OBJC_MSGSEND = YES;
				GCC_C_LANGUAGE_STANDARD = gnu99;
				GCC_NO_COMMON_BLOCKS = YES;
				GCC_WARN_64_TO_32_BIT_CONVERSION = YES;
				GCC_WARN_ABOUT_RETURN_TYPE = YES_ERROR;
				GCC_WARN_UNDECLARED_SELECTOR = YES;
				GCC_WARN_UNINITIALIZED_AUTOS = YES_AGGRESSIVE;
				GCC_WARN_UNUSED_FUNCTION = YES;
				GCC_WARN_UNUSED_VARIABLE = YES;
				IPHONEOS_DEPLOYMENT_TARGET = 9.0;
				MTL_ENABLE_DEBUG_INFO = NO;
				SDKROOT = iphoneos;
				TARGETED_DEVICE_FAMILY = "1,2";
				VALIDATE_PRODUCT = YES;
			};
			name = Release;
		};
		ECA1113F1B812CB100DF5A66 /* Debug */ = {
			isa = XCBuildConfiguration;
			buildSettings = {
				ASSETCATALOG_COMPILER_APPICON_NAME = AppIcon;
				INFOPLIST_FILE = "Movie Database/Info.plist";
				LD_RUNPATH_SEARCH_PATHS = "$(inherited) @executable_path/Frameworks";
				PRODUCT_BUNDLE_IDENTIFIER = "ismail.orabi.Movie-Database";
				PRODUCT_NAME = "$(TARGET_NAME)";
			};
			name = Debug;
		};
		ECA111401B812CB100DF5A66 /* Release */ = {
			isa = XCBuildConfiguration;
			buildSettings = {
				ASSETCATALOG_COMPILER_APPICON_NAME = AppIcon;
				INFOPLIST_FILE = "Movie Database/Info.plist";
				LD_RUNPATH_SEARCH_PATHS = "$(inherited) @executable_path/Frameworks";
				PRODUCT_BUNDLE_IDENTIFIER = "ismail.orabi.Movie-Database";
				PRODUCT_NAME = "$(TARGET_NAME)";
			};
			name = Release;
		};
/* End XCBuildConfiguration section */

/* Begin XCConfigurationList section */
		ECA111271B812CB100DF5A66 /* Build configuration list for PBXProject "Movie Database" */ = {
			isa = XCConfigurationList;
			buildConfigurations = (
				ECA1113C1B812CB100DF5A66 /* Debug */,
				ECA1113D1B812CB100DF5A66 /* Release */,
			);
			defaultConfigurationIsVisible = 0;
			defaultConfigurationName = Release;
		};
		ECA1113E1B812CB100DF5A66 /* Build configuration list for PBXNativeTarget "Movie Database" */ = {
			isa = XCConfigurationList;
			buildConfigurations = (
				ECA1113F1B812CB100DF5A66 /* Debug */,
				ECA111401B812CB100DF5A66 /* Release */,
			);
			defaultConfigurationIsVisible = 0;
		};
/* End XCConfigurationList section */
	};
	rootObject = ECA111241B812CB100DF5A66 /* Project object */;
}
