// !$*UTF8*$!
{
	archiveVersion = 1;
	classes = {
	};
	objectVersion = 46;
	objects = {

/* Begin PBXBuildFile section */
		ECB465F71B7FF4B700D34B73 /* AppDelegate.swift in Sources */ = {isa = PBXBuildFile; fileRef = ECB465F61B7FF4B700D34B73 /* AppDelegate.swift */; };
		ECB465F91B7FF4B700D34B73 /* ViewController.swift in Sources */ = {isa = PBXBuildFile; fileRef = ECB465F81B7FF4B700D34B73 /* ViewController.swift */; };
		ECB465FC1B7FF4B700D34B73 /* Main.storyboard in Resources */ = {isa = PBXBuildFile; fileRef = ECB465FA1B7FF4B700D34B73 /* Main.storyboard */; };
		ECB465FE1B7FF4B700D34B73 /* Assets.xcassets in Resources */ = {isa = PBXBuildFile; fileRef = ECB465FD1B7FF4B700D34B73 /* Assets.xcassets */; };
		ECB466011B7FF4B700D34B73 /* LaunchScreen.storyboard in Resources */ = {isa = PBXBuildFile; fileRef = ECB465FF1B7FF4B700D34B73 /* LaunchScreen.storyboard */; };
/* End PBXBuildFile section */

/* Begin PBXFileReference section */
		ECB465F31B7FF4B700D34B73 /* Age of Laika.app */ = {isa = PBXFileReference; explicitFileType = wrapper.application; includeInIndex = 0; path = "Age of Laika.app"; sourceTree = BUILT_PRODUCTS_DIR; };
		ECB465F61B7FF4B700D34B73 /* AppDelegate.swift */ = {isa = PBXFileReference; lastKnownFileType = sourcecode.swift; path = AppDelegate.swift; sourceTree = "<group>"; };
		ECB465F81B7FF4B700D34B73 /* ViewController.swift */ = {isa = PBXFileReference; lastKnownFileType = sourcecode.swift; path = ViewController.swift; sourceTree = "<group>"; };
		ECB465FB1B7FF4B700D34B73 /* Base */ = {isa = PBXFileReference; lastKnownFileType = file.storyboard; name = Base; path = Base.lproj/Main.storyboard; sourceTree = "<group>"; };
		ECB465FD1B7FF4B700D34B73 /* Assets.xcassets */ = {isa = PBXFileReference; lastKnownFileType = folder.assetcatalog; path = Assets.xcassets; sourceTree = "<group>"; };
		ECB466001B7FF4B700D34B73 /* Base */ = {isa = PBXFileReference; lastKnownFileType = file.storyboard; name = Base; path = Base.lproj/LaunchScreen.storyboard; sourceTree = "<group>"; };
		ECB466021B7FF4B700D34B73 /* Info.plist */ = {isa = PBXFileReference; lastKnownFileType = text.plist.xml; path = Info.plist; sourceTree = "<group>"; };
/* End PBXFileReference section */

/* Begin PBXFrameworksBuildPhase section */
		ECB465F01B7FF4B700D34B73 /* Frameworks */ = {
			isa = PBXFrameworksBuildPhase;
			buildActionMask = 2147483647;
			files = (
			);
			runOnlyForDeploymentPostprocessing = 0;
		};
/* End PBXFrameworksBuildPhase section */

/* Begin PBXGroup section */
		ECB465EA1B7FF4B700D34B73 = {
			isa = PBXGroup;
			children = (
				ECB465F51B7FF4B700D34B73 /* Age of Laika */,
				ECB465F41B7FF4B700D34B73 /* Products */,
			);
			sourceTree = "<group>";
		};
		ECB465F41B7FF4B700D34B73 /* Products */ = {
			isa = PBXGroup;
			children = (
				ECB465F31B7FF4B700D34B73 /* Age of Laika.app */,
			);
			name = Products;
			sourceTree = "<group>";
		};
		ECB465F51B7FF4B700D34B73 /* Age of Laika */ = {
			isa = PBXGroup;
			children = (
				ECB465F61B7FF4B700D34B73 /* AppDelegate.swift */,
				ECB465F81B7FF4B700D34B73 /* ViewController.swift */,
				ECB465FA1B7FF4B700D34B73 /* Main.storyboard */,
				ECB465FD1B7FF4B700D34B73 /* Assets.xcassets */,
				ECB465FF1B7FF4B700D34B73 /* LaunchScreen.storyboard */,
				ECB466021B7FF4B700D34B73 /* Info.plist */,
			);
			path = "Age of Laika";
			sourceTree = "<group>";
		};
/* End PBXGroup section */

/* Begin PBXNativeTarget section */
		ECB465F21B7FF4B700D34B73 /* Age of Laika */ = {
			isa = PBXNativeTarget;
			buildConfigurationList = ECB466051B7FF4B700D34B73 /* Build configuration list for PBXNativeTarget "Age of Laika" */;
			buildPhases = (
				ECB465EF1B7FF4B700D34B73 /* Sources */,
				ECB465F01B7FF4B700D34B73 /* Frameworks */,
				ECB465F11B7FF4B700D34B73 /* Resources */,
			);
			buildRules = (
			);
			dependencies = (
			);
			name = "Age of Laika";
			productName = "Age of Laika";
			productReference = ECB465F31B7FF4B700D34B73 /* Age of Laika.app */;
			productType = "com.apple.product-type.application";
		};
/* End PBXNativeTarget section */

/* Begin PBXProject section */
		ECB465EB1B7FF4B700D34B73 /* Project object */ = {
			isa = PBXProject;
			attributes = {
				LastUpgradeCheck = 0700;
				ORGANIZATIONNAME = "Ismail Orabi";
				TargetAttributes = {
					ECB465F21B7FF4B700D34B73 = {
						CreatedOnToolsVersion = 7.0;
					};
				};
			};
			buildConfigurationList = ECB465EE1B7FF4B700D34B73 /* Build configuration list for PBXProject "Age of Laika" */;
			compatibilityVersion = "Xcode 3.2";
			developmentRegion = English;
			hasScannedForEncodings = 0;
			knownRegions = (
				en,
				Base,
			);
			mainGroup = ECB465EA1B7FF4B700D34B73;
			productRefGroup = ECB465F41B7FF4B700D34B73 /* Products */;
			projectDirPath = "";
			projectRoot = "";
			targets = (
				ECB465F21B7FF4B700D34B73 /* Age of Laika */,
			);
		};
/* End PBXProject section */

/* Begin PBXResourcesBuildPhase section */
		ECB465F11B7FF4B700D34B73 /* Resources */ = {
			isa = PBXResourcesBuildPhase;
			buildActionMask = 2147483647;
			files = (
				ECB466011B7FF4B700D34B73 /* LaunchScreen.storyboard in Resources */,
				ECB465FE1B7FF4B700D34B73 /* Assets.xcassets in Resources */,
				ECB465FC1B7FF4B700D34B73 /* Main.storyboard in Resources */,
			);
			runOnlyForDeploymentPostprocessing = 0;
		};
/* End PBXResourcesBuildPhase section */

/* Begin PBXSourcesBuildPhase section */
		ECB465EF1B7FF4B700D34B73 /* Sources */ = {
			isa = PBXSourcesBuildPhase;
			buildActionMask = 2147483647;
			files = (
				ECB465F91B7FF4B700D34B73 /* ViewController.swift in Sources */,
				ECB465F71B7FF4B700D34B73 /* AppDelegate.swift in Sources */,
			);
			runOnlyForDeploymentPostprocessing = 0;
		};
/* End PBXSourcesBuildPhase section */

/* Begin PBXVariantGroup section */
		ECB465FA1B7FF4B700D34B73 /* Main.storyboard */ = {
			isa = PBXVariantGroup;
			children = (
				ECB465FB1B7FF4B700D34B73 /* Base */,
			);
			name = Main.storyboard;
			sourceTree = "<group>";
		};
		ECB465FF1B7FF4B700D34B73 /* LaunchScreen.storyboard */ = {
			isa = PBXVariantGroup;
			children = (
				ECB466001B7FF4B700D34B73 /* Base */,
			);
			name = LaunchScreen.storyboard;
			sourceTree = "<group>";
		};
/* End PBXVariantGroup section */

/* Begin XCBuildConfiguration section */
		ECB466031B7FF4B700D34B73 /* Debug */ = {
			isa = XCBuildConfiguration;
			buildSettings = {
				ALWAYS_SEARCH_USER_PATHS = NO;
				CLANG_CXX_LANGUAGE_STANDARD = "gnu++0x";
				CLANG_CXX_LIBRARY = "libc++";
				CLANG_ENABLE_MODULES = YES;
				CLANG_ENABLE_OBJC_ARC = YES;
				CLANG_WARN_BOOL_CONVERSION = YES;
				CLANG_WARN_CONSTANT_CONVERSION = YES;
				CLANG_WARN_DIRECT_OBJC_ISA_USAGE = YES_ERROR;
				CLANG_WARN_EMPTY_BODY = YES;
				CLANG_WARN_ENUM_CONVERSION = YES;
				CLANG_WARN_INT_CONVERSION = YES;
				CLANG_WARN_OBJC_ROOT_CLASS = YES_ERROR;
				CLANG_WARN_UNREACHABLE_CODE = YES;
				CLANG_WARN__DUPLICATE_METHOD_MATCH = YES;
				"CODE_SIGN_IDENTITY[sdk=iphoneos*]" = "iPhone Developer";
				COPY_PHASE_STRIP = NO;
				DEBUG_INFORMATION_FORMAT = dwarf;
				ENABLE_STRICT_OBJC_MSGSEND = YES;
				ENABLE_TESTABILITY = YES;
				GCC_C_LANGUAGE_STANDARD = gnu99;
				GCC_DYNAMIC_NO_PIC = NO;
				GCC_NO_COMMON_BLOCKS = YES;
				GCC_OPTIMIZATION_LEVEL = 0;
				GCC_PREPROCESSOR_DEFINITIONS = (
					"DEBUG=1",
					"$(inherited)",
				);
				GCC_WARN_64_TO_32_BIT_CONVERSION = YES;
				GCC_WARN_ABOUT_RETURN_TYPE = YES_ERROR;
				GCC_WARN_UNDECLARED_SELECTOR = YES;
				GCC_WARN_UNINITIALIZED_AUTOS = YES_AGGRESSIVE;
				GCC_WARN_UNUSED_FUNCTION = YES;
				GCC_WARN_UNUSED_VARIABLE = YES;
				IPHONEOS_DEPLOYMENT_TARGET = 9.0;
				MTL_ENABLE_DEBUG_INFO = YES;
				ONLY_ACTIVE_ARCH = YES;
				SDKROOT = iphoneos;
				SWIFT_OPTIMIZATION_LEVEL = "-Onone";
				TARGETED_DEVICE_FAMILY = "1,2";
			};
			name = Debug;
		};
		ECB466041B7FF4B700D34B73 /* Release */ = {
			isa = XCBuildConfiguration;
			buildSettings = {
				ALWAYS_SEARCH_USER_PATHS = NO;
				CLANG_CXX_LANGUAGE_STANDARD = "gnu++0x";
				CLANG_CXX_LIBRARY = "libc++";
				CLANG_ENABLE_MODULES = YES;
				CLANG_ENABLE_OBJC_ARC = YES;
				CLANG_WARN_BOOL_CONVERSION = YES;
				CLANG_WARN_CONSTANT_CONVERSION = YES;
				CLANG_WARN_DIRECT_OBJC_ISA_USAGE = YES_ERROR;
				CLANG_WARN_EMPTY_BODY = YES;
				CLANG_WARN_ENUM_CONVERSION = YES;
				CLANG_WARN_INT_CONVERSION = YES;
				CLANG_WARN_OBJC_ROOT_CLASS = YES_ERROR;
				CLANG_WARN_UNREACHABLE_CODE = YES;
				CLANG_WARN__DUPLICATE_METHOD_MATCH = YES;
				"CODE_SIGN_IDENTITY[sdk=iphoneos*]" = "iPhone Developer";
				COPY_PHASE_STRIP = NO;
				DEBUG_INFORMATION_FORMAT = "dwarf-with-dsym";
				ENABLE_NS_ASSERTIONS = NO;
				ENABLE_STRICT_OBJC_MSGSEND = YES;
				GCC_C_LANGUAGE_STANDARD = gnu99;
				GCC_NO_COMMON_BLOCKS = YES;
				GCC_WARN_64_TO_32_BIT_CONVERSION = YES;
				GCC_WARN_ABOUT_RETURN_TYPE = YES_ERROR;
				GCC_WARN_UNDECLARED_SELECTOR = YES;
				GCC_WARN_UNINITIALIZED_AUTOS = YES_AGGRESSIVE;
				GCC_WARN_UNUSED_FUNCTION = YES;
				GCC_WARN_UNUSED_VARIABLE = YES;
				IPHONEOS_DEPLOYMENT_TARGET = 9.0;
				MTL_ENABLE_DEBUG_INFO = NO;
				SDKROOT = iphoneos;
				TARGETED_DEVICE_FAMILY = "1,2";
				VALIDATE_PRODUCT = YES;
			};
			name = Release;
		};
		ECB466061B7FF4B700D34B73 /* Debug */ = {
			isa = XCBuildConfiguration;
			buildSettings = {
				ASSETCATALOG_COMPILER_APPICON_NAME = AppIcon;
				INFOPLIST_FILE = "Age of Laika/Info.plist";
				LD_RUNPATH_SEARCH_PATHS = "$(inherited) @executable_path/Frameworks";
				PRODUCT_BUNDLE_IDENTIFIER = "ismail.orabi.Age-of-Laika";
				PRODUCT_NAME = "$(TARGET_NAME)";
			};
			name = Debug;
		};
		ECB466071B7FF4B700D34B73 /* Release */ = {
			isa = XCBuildConfiguration;
			buildSettings = {
				ASSETCATALOG_COMPILER_APPICON_NAME = AppIcon;
				INFOPLIST_FILE = "Age of Laika/Info.plist";
				LD_RUNPATH_SEARCH_PATHS = "$(inherited) @executable_path/Frameworks";
				PRODUCT_BUNDLE_IDENTIFIER = "ismail.orabi.Age-of-Laika";
				PRODUCT_NAME = "$(TARGET_NAME)";
			};
			name = Release;
		};
/* End XCBuildConfiguration section */

/* Begin XCConfigurationList section */
		ECB465EE1B7FF4B700D34B73 /* Build configuration list for PBXProject "Age of Laika" */ = {
			isa = XCConfigurationList;
			buildConfigurations = (
				ECB466031B7FF4B700D34B73 /* Debug */,
				ECB466041B7FF4B700D34B73 /* Release */,
			);
			defaultConfigurationIsVisible = 0;
			defaultConfigurationName = Release;
		};
		ECB466051B7FF4B700D34B73 /* Build configuration list for PBXNativeTarget "Age of Laika" */ = {
			isa = XCConfigurationList;
			buildConfigurations = (
				ECB466061B7FF4B700D34B73 /* Debug */,
				ECB466071B7FF4B700D34B73 /* Release */,
			);
			defaultConfigurationIsVisible = 0;
		};
/* End XCConfigurationList section */
	};
	rootObject = ECB465EB1B7FF4B700D34B73 /* Project object */;
}
